{
  "name": "pp_wit0002",
  "version": "1.0.0",
  "lockfileVersion": 3,
  "requires": true,
  "packages": {
    "": {
      "name": "pp_wit0002",
      "version": "1.0.0",
      "license": "ISC",
      "dependencies": {
        "three": "^0.155.0",
        "web-ifc-three": "^0.0.125"
      }
    },
    "node_modules/three": {
      "version": "0.155.0",
      "resolved": "https://registry.npmjs.org/three/-/three-0.155.0.tgz",
      "integrity": "sha512-sNgCYmDijnIqkD/bMfk+1pHg3YzsxW7V2ChpuP6HCQ8NiZr3RufsXQr8M3SSUMjW4hG+sUk7YbyuY0DncaDTJQ=="
    },
    "node_modules/three-mesh-bvh": {
      "version": "0.5.21",
      "resolved": "https://registry.npmjs.org/three-mesh-bvh/-/three-mesh-bvh-0.5.21.tgz",
      "integrity": "sha512-TGXPk7YwtlU5rgQJYA25OT6yAdBMeekfC4BTkGNtTWA5glb2rmEpjxvhZncRQSl73QZir2LFOQT0FjfzgG55xw==",
      "peerDependencies": {
        "three": ">= 0.123.0"
      }
    },
    "node_modules/web-ifc": {
      "version": "0.0.39",
      "resolved": "https://registry.npmjs.org/web-ifc/-/web-ifc-0.0.39.tgz",
      "integrity": "sha512-sg+DyxDiyXBqlXXbz+uSqw8IGX+mVvHmn2+hg6UXDvAcrzJJw8EI2H4ZzlxWxCqqdpGVeK0wCpdeQm43UCDbrA=="
    },
    "node_modules/web-ifc-three": {
      "version": "0.0.125",
      "resolved": "https://registry.npmjs.org/web-ifc-three/-/web-ifc-three-0.0.125.tgz",
      "integrity": "sha512-i9hnYQq5XOEJ/eeYgwe44IAiIgbjn46zOcuEuvkV+8liutrDHitv8Ct126BNOBaoe7B9ZYnQk8CL9/YEtdtGOQ==",
      "dependencies": {
        "three-mesh-bvh": "0.5.21",
        "web-ifc": "^0.0.39"
      },
      "peerDependencies": {
        "three": "^0.149.0"
      }
    }
  }
}
